hash: d6c7346e50348ad69c6dda4c4a1624bd0514af703f914ff21b1370970ac48a54
updated: 2016-08-24T17:02:28.860834614-05:00
imports:
- name: github.com/alecthomas/template
  version: a0175ee3bccc567396460bf5acd36800cb10c49c
  subpackages:
  - parse
- name: github.com/alecthomas/units
  version: 2efee857e7cfd4f3d0138cc3cbb1b4966962b93a
- name: github.com/davecgh/go-spew
  version: 6cf5744a041a0022271cefed95ba843f6d87fd51
  subpackages:
  - spew
- name: github.com/getcarina/libcarina
  version: 178561c13af5739cff93e82e6264256d0f612139
  repo: git@github.com:rackerlabs/carina-cli-libcarina.git
  vcs: git
- name: github.com/getcarina/libmakeswarm
  version: ab5c3711c48d4555012ced977e21d23f222dd0b2
  repo: git@github.com:getcarina/libcarina.git
  vcs: git
- name: github.com/gophercloud/gophercloud
  version: 9a2171ceea5c2cf9da50b5e31b9e5bf7337aa344
  repo: git@github.com:carolynvs/gophercloud.git
  vcs: git
  subpackages:
  - openstack
  - openstack/containerorchestration/v1/baymodels
  - openstack/containerorchestration/v1/bays
  - openstack/containerorchestration/v1/certificates
  - openstack/containerorchestration/v1/common
  - pagination
  - openstack/identity/v2/tokens
  - openstack/identity/v3/tokens
  - openstack/utils
  - openstack/containerorchestration/v1/certificates/scripts
  - testhelper/client
  - openstack/identity/v2/tenants
  - testhelper
- name: github.com/mitchellh/mapstructure
  version: ca63d7c062ee3c9f34db231e352b60012b4fd0c1
- name: github.com/pkg/errors
  version: 17b591df37844cde689f4d5813e5cea0927d8dd2
- name: github.com/rackspace/gophercloud
  version: 0d8599924d296da0f172489ecddf51e4066c329a
  subpackages:
  - rackspace
  - openstack
  - openstack/utils
  - rackspace/identity/v2/tokens
  - openstack/identity/v2/tokens
  - openstack/identity/v3/tokens
  - openstack/identity/v2/tenants
  - testhelper
  - testhelper/client
  - pagination
- name: github.com/Sirupsen/logrus
  version: 35530e5e742a45930e55748019ad66c5f131f08f
  repo: git@github.com:carolynvs/logrus.git
  vcs: git
- name: golang.org/x/sys
  version: a646d33e2ee3172a661fc09bca23bb4889a41bc8
  subpackages:
  - unix
- name: gopkg.in/alecthomas/kingpin.v2
  version: e5900212cbf65b181d3d8e08308ef06a01d117cf
testImports: []
