hash: d885eb12d96a3e62c717df0e573e95f9eb6149b756e4081d5e7ad3b2688f18c7
updated: 2016-10-28T15:50:54.09059726-05:00
imports:
- name: github.com/davecgh/go-spew
  version: 6cf5744a041a0022271cefed95ba843f6d87fd51
  subpackages:
  - spew
- name: github.com/fsnotify/fsnotify
  version: f12c6236fe7b5cf6bcf30e5935d08cb079d78334
- name: github.com/getcarina/libcarina
  version: 0adbb72d11bbe56450ccc3f8be28d78811b8a953
  repo: git@github.com:getcarina/libcarina.git
  vcs: git
- name: github.com/getcarina/libmakeswarm
  version: d0906762e0cc6218a6d7255567a6911121a70a83
  repo: git@github.com:getcarina/libcarina.git
  vcs: git
- name: github.com/gophercloud/gophercloud
  version: b267f2372f44b2479bb598d4e333804b667b80e5
  vcs: git
  subpackages:
  - openstack
  - openstack/containerorchestration/v1/baymodels
  - openstack/containerorchestration/v1/bays
  - openstack/containerorchestration/v1/certificates
  - openstack/containerorchestration/v1/common
  - pagination
  - openstack/identity/v2/tokens
  - openstack/identity/v3/tokens
  - openstack/utils
  - openstack/containerorchestration/v1/certificates/scripts
  - testhelper/client
  - openstack/identity/v2/tenants
  - testhelper
- name: github.com/hashicorp/hcl
  version: ef8133da8cda503718a74741312bf50821e6de79
  subpackages:
  - hcl/ast
  - hcl/parser
  - hcl/token
  - json/parser
  - hcl/scanner
  - hcl/strconv
  - json/scanner
  - json/token
- name: github.com/inconshreveable/mousetrap
  version: 76626ae9c91c4f2a10f34cad8ce83ea42c93bb75
- name: github.com/kr/fs
  version: 2788f0dbd16903de03cb8186e5c7d97b69ad387b
- name: github.com/magiconair/properties
  version: 0723e352fa358f9322c938cc2dadda874e9151a9
- name: github.com/Masterminds/semver
  version: 8d0431362b544d1a3536cca26684828866a7de09
- name: github.com/mitchellh/mapstructure
  version: ca63d7c062ee3c9f34db231e352b60012b4fd0c1
- name: github.com/pelletier/go-buffruneio
  version: df1e16fde7fc330a0ca68167c23bf7ed6ac31d6d
- name: github.com/pelletier/go-toml
  version: 45932ad32dfdd20826f5671da37a5f3ce9f26a8d
- name: github.com/pkg/errors
  version: 645ef00459ed84a119197bfb8d8205042c6df63d
- name: github.com/pkg/sftp
  version: 8197a2e580736b78d704be0fc47b2324c0591a32
- name: github.com/rackspace/gophercloud
  version: 0d8599924d296da0f172489ecddf51e4066c329a
  subpackages:
  - rackspace
  - openstack
  - openstack/utils
  - rackspace/identity/v2/tokens
  - openstack/identity/v2/tokens
  - openstack/identity/v3/tokens
  - openstack/identity/v2/tenants
  - testhelper
  - testhelper/client
  - pagination
- name: github.com/Sirupsen/logrus
  version: 98b74aac5b7a98855050754bab2631a4a8ea92e3
  repo: git@github.com:carolynvs/logrus.git
  vcs: git
- name: github.com/spf13/afero
  version: 52e4a6cfac46163658bd4f123c49b6ee7dc75f78
  subpackages:
  - mem
  - sftp
- name: github.com/spf13/cast
  version: 2580bc98dc0e62908119e4737030cc2fdfc45e4c
- name: github.com/spf13/cobra
  version: 9c28e4bbd74e5c3ed7aacbc552b2cab7cfdfe744
- name: github.com/spf13/jwalterweatherman
  version: 33c24e77fb80341fe7130ee7c594256ff08ccc46
- name: github.com/spf13/pflag
  version: c7e63cf4530bcd3ba943729cee0efeff2ebea63f
- name: github.com/spf13/viper
  version: 382f87b929b84ce13e9c8a375a4b217f224e6c65
- name: golang.org/x/crypto
  version: a20de3fa94e069ec699987416679230d72e030a3
  subpackages:
  - ssh
  - curve25519
  - ed25519
  - ed25519/internal/edwards25519
- name: golang.org/x/sys
  version: a646d33e2ee3172a661fc09bca23bb4889a41bc8
  subpackages:
  - unix
- name: golang.org/x/text
  version: a7c023693a94aedd6b6df43ae7526bfe9d2b7d22
  subpackages:
  - transform
  - unicode/norm
- name: gopkg.in/yaml.v2
  version: a5b47d31c556af34a302ce5d659e6fea44d90de0
testImports: []
